
Microsoft Visual Studio Solution File, Format Version 12.00
# Visual Studio Version 16
VisualStudioVersion = 25.0.1706.12
MinimumVisualStudioVersion = 10.0.40219.1
Project("{FAE04EC0-301F-11D3-BF4B-00C04F79EFBC}") = "IMSdev", "IMSdev\IMSdev.csproj", "{71BB8BA3-9B76-4E1C-9D2E-FBDB343F9CE1}"
EndProject
Global
	GlobalSection(SolutionConfigurationPlatforms) = preSolution
		Debug|Any CPU = Debug|Any CPU
		Release|Any CPU = Release|Any CPU
	EndGlobalSection
	GlobalSection(ProjectConfigurationPlatforms) = postSolution
		{71BB8BA3-9B76-4E1C-9D2E-FBDB343F9CE1}.Debug|Any CPU.ActiveCfg = Debug|Any CPU
		{71BB8BA3-9B76-4E1C-9D2E-FBDB343F9CE1}.Debug|Any CPU.Build.0 = Debug|Any CPU
		{71BB8BA3-9B76-4E1C-9D2E-FBDB343F9CE1}.Release|Any CPU.ActiveCfg = Release|Any CPU
		{71BB8BA3-9B76-4E1C-9D2E-FBDB343F9CE1}.Release|Any CPU.Build.0 = Release|Any CPU
	EndGlobalSection
	GlobalSection(SolutionProperties) = preSolution
		HideSolutionNode = FALSE
	EndGlobalSection
	GlobalSection(ExtensibilityGlobals) = postSolution
		SolutionGuid = {7DEDE87E-2316-491B-BAAB-5E3510AACF67}
	EndGlobalSection
EndGlobal
